// !$*UTF8*$!
{
	archiveVersion = 1;
	classes = {
	};
	objectVersion = 50;
	objects = {

/* Begin PBXBuildFile section */
		4138BDC722AF83AC00674B28 /* AppSettings.swift in Sources */ = {isa = PBXBuildFile; fileRef = 4138BDC622AF83AC00674B28 /* AppSettings.swift */; };
		4178025422E0E7EA00C3B899 /* Utils.swift in Sources */ = {isa = PBXBuildFile; fileRef = 4178025322E0E7EA00C3B899 /* Utils.swift */; };
		4178025622E1227A00C3B899 /* Events.swift in Sources */ = {isa = PBXBuildFile; fileRef = 4178025522E1227A00C3B899 /* Events.swift */; };
		4178025B22E3867600C3B899 /* Feed.swift in Sources */ = {isa = PBXBuildFile; fileRef = 4178025A22E3867600C3B899 /* Feed.swift */; };
		41AACDF6224CD2E900F46460 /* AppDelegate.swift in Sources */ = {isa = PBXBuildFile; fileRef = 41AACDF5224CD2E900F46460 /* AppDelegate.swift */; };
		41AACDF8224CD2E900F46460 /* MasterViewController.swift in Sources */ = {isa = PBXBuildFile; fileRef = 41AACDF7224CD2E900F46460 /* MasterViewController.swift */; };
		41AACDFB224CD2E900F46460 /* Main.storyboard in Resources */ = {isa = PBXBuildFile; fileRef = 41AACDF9224CD2E900F46460 /* Main.storyboard */; };
		41AACDFD224CD2EC00F46460 /* Assets.xcassets in Resources */ = {isa = PBXBuildFile; fileRef = 41AACDFC224CD2EC00F46460 /* Assets.xcassets */; };
		41AACE00224CD2EC00F46460 /* LaunchScreen.storyboard in Resources */ = {isa = PBXBuildFile; fileRef = 41AACDFE224CD2EC00F46460 /* LaunchScreen.storyboard */; };
		41B081BF22DFC95900AF53B5 /* AboutViewController.swift in Sources */ = {isa = PBXBuildFile; fileRef = 41B081BE22DFC95900AF53B5 /* AboutViewController.swift */; };
		41B081C122DFCD0000AF53B5 /* MapViewController.swift in Sources */ = {isa = PBXBuildFile; fileRef = 41B081C022DFCD0000AF53B5 /* MapViewController.swift */; };
		41B081C322DFE19500AF53B5 /* EventsViewController.swift in Sources */ = {isa = PBXBuildFile; fileRef = 41B081C222DFE19500AF53B5 /* EventsViewController.swift */; };
/* End PBXBuildFile section */

/* Begin PBXFileReference section */
		4138BDC622AF83AC00674B28 /* AppSettings.swift */ = {isa = PBXFileReference; lastKnownFileType = sourcecode.swift; path = AppSettings.swift; sourceTree = "<group>"; };
		4178025322E0E7EA00C3B899 /* Utils.swift */ = {isa = PBXFileReference; lastKnownFileType = sourcecode.swift; path = Utils.swift; sourceTree = "<group>"; };
		4178025522E1227A00C3B899 /* Events.swift */ = {isa = PBXFileReference; lastKnownFileType = sourcecode.swift; path = Events.swift; sourceTree = "<group>"; };
		4178025922E384A400C3B899 /* README.md */ = {isa = PBXFileReference; lastKnownFileType = net.daringfireball.markdown; path = README.md; sourceTree = "<group>"; };
		4178025A22E3867600C3B899 /* Feed.swift */ = {isa = PBXFileReference; lastKnownFileType = sourcecode.swift; path = Feed.swift; sourceTree = "<group>"; };
		41AACDF2224CD2E900F46460 /* Science Week.app */ = {isa = PBXFileReference; explicitFileType = wrapper.application; includeInIndex = 0; path = "Science Week.app"; sourceTree = BUILT_PRODUCTS_DIR; };
		41AACDF5224CD2E900F46460 /* AppDelegate.swift */ = {isa = PBXFileReference; lastKnownFileType = sourcecode.swift; path = AppDelegate.swift; sourceTree = "<group>"; };
		41AACDF7224CD2E900F46460 /* MasterViewController.swift */ = {isa = PBXFileReference; lastKnownFileType = sourcecode.swift; path = MasterViewController.swift; sourceTree = "<group>"; };
		41AACDFA224CD2E900F46460 /* Base */ = {isa = PBXFileReference; lastKnownFileType = file.storyboard; name = Base; path = Base.lproj/Main.storyboard; sourceTree = "<group>"; };
		41AACDFC224CD2EC00F46460 /* Assets.xcassets */ = {isa = PBXFileReference; lastKnownFileType = folder.assetcatalog; path = Assets.xcassets; sourceTree = "<group>"; };
		41AACDFF224CD2EC00F46460 /* Base */ = {isa = PBXFileReference; lastKnownFileType = file.storyboard; name = Base; path = Base.lproj/LaunchScreen.storyboard; sourceTree = "<group>"; };
		41AACE01224CD2EC00F46460 /* Info.plist */ = {isa = PBXFileReference; lastKnownFileType = text.plist.xml; path = Info.plist; sourceTree = "<group>"; };
		41B081BE22DFC95900AF53B5 /* AboutViewController.swift */ = {isa = PBXFileReference; lastKnownFileType = sourcecode.swift; path = AboutViewController.swift; sourceTree = "<group>"; };
		41B081C022DFCD0000AF53B5 /* MapViewController.swift */ = {isa = PBXFileReference; lastKnownFileType = sourcecode.swift; path = MapViewController.swift; sourceTree = "<group>"; };
		41B081C222DFE19500AF53B5 /* EventsViewController.swift */ = {isa = PBXFileReference; lastKnownFileType = sourcecode.swift; path = EventsViewController.swift; sourceTree = "<group>"; };
/* End PBXFileReference section */

/* Begin PBXFrameworksBuildPhase section */
		41AACDEF224CD2E900F46460 /* Frameworks */ = {
			isa = PBXFrameworksBuildPhase;
			buildActionMask = 2147483647;
			files = (
			);
			runOnlyForDeploymentPostprocessing = 0;
		};
/* End PBXFrameworksBuildPhase section */

/* Begin PBXGroup section */
		4178025722E12A3E00C3B899 /* ViewControllers */ = {
			isa = PBXGroup;
			children = (
				41AACDF7224CD2E900F46460 /* MasterViewController.swift */,
				41B081C222DFE19500AF53B5 /* EventsViewController.swift */,
				41B081C022DFCD0000AF53B5 /* MapViewController.swift */,
				41B081BE22DFC95900AF53B5 /* AboutViewController.swift */,
			);
			path = ViewControllers;
			sourceTree = "<group>";
		};
		4178025822E12A5400C3B899 /* Content */ = {
			isa = PBXGroup;
			children = (
				4178025522E1227A00C3B899 /* Events.swift */,
				4178025322E0E7EA00C3B899 /* Utils.swift */,
				4178025A22E3867600C3B899 /* Feed.swift */,
			);
			path = Content;
			sourceTree = "<group>";
		};
		41AACDE9224CD2E900F46460 = {
			isa = PBXGroup;
			children = (
				4178025922E384A400C3B899 /* README.md */,
				41AACDF4224CD2E900F46460 /* Science Week */,
				41AACDF3224CD2E900F46460 /* Products */,
			);
			sourceTree = "<group>";
		};
		41AACDF3224CD2E900F46460 /* Products */ = {
			isa = PBXGroup;
			children = (
				41AACDF2224CD2E900F46460 /* Science Week.app */,
			);
			name = Products;
			sourceTree = "<group>";
		};
		41AACDF4224CD2E900F46460 /* Science Week */ = {
			isa = PBXGroup;
			children = (
				41AACDF5224CD2E900F46460 /* AppDelegate.swift */,
				4138BDC622AF83AC00674B28 /* AppSettings.swift */,
				4178025722E12A3E00C3B899 /* ViewControllers */,
				4178025822E12A5400C3B899 /* Content */,
				41AACDF9224CD2E900F46460 /* Main.storyboard */,
				41AACDFC224CD2EC00F46460 /* Assets.xcassets */,
				41AACDFE224CD2EC00F46460 /* LaunchScreen.storyboard */,
				41AACE01224CD2EC00F46460 /* Info.plist */,
			);
			path = "Science Week";
			sourceTree = "<group>";
		};
/* End PBXGroup section */

/* Begin PBXNativeTarget section */
		41AACDF1224CD2E900F46460 /* Science Week */ = {
			isa = PBXNativeTarget;
			buildConfigurationList = 41AACE04224CD2EC00F46460 /* Build configuration list for PBXNativeTarget "Science Week" */;
			buildPhases = (
				41AACDEE224CD2E900F46460 /* Sources */,
				41AACDEF224CD2E900F46460 /* Frameworks */,
				41AACDF0224CD2E900F46460 /* Resources */,
			);
			buildRules = (
			);
			dependencies = (
			);
			name = "Science Week";
			productName = "Science Week";
			productReference = 41AACDF2224CD2E900F46460 /* Science Week.app */;
			productType = "com.apple.product-type.application";
		};
/* End PBXNativeTarget section */

/* Begin PBXProject section */
		41AACDEA224CD2E900F46460 /* Project object */ = {
			isa = PBXProject;
			attributes = {
				LastSwiftUpdateCheck = 1020;
				LastUpgradeCheck = 1020;
				ORGANIZATIONNAME = "Mars Geldard";
				TargetAttributes = {
					41AACDF1224CD2E900F46460 = {
						CreatedOnToolsVersion = 10.2;
					};
				};
			};
			buildConfigurationList = 41AACDED224CD2E900F46460 /* Build configuration list for PBXProject "Science Week" */;
			compatibilityVersion = "Xcode 9.3";
			developmentRegion = en;
			hasScannedForEncodings = 0;
			knownRegions = (
				en,
				Base,
			);
			mainGroup = 41AACDE9224CD2E900F46460;
			productRefGroup = 41AACDF3224CD2E900F46460 /* Products */;
			projectDirPath = "";
			projectRoot = "";
			targets = (
				41AACDF1224CD2E900F46460 /* Science Week */,
			);
		};
/* End PBXProject section */

/* Begin PBXResourcesBuildPhase section */
		41AACDF0224CD2E900F46460 /* Resources */ = {
			isa = PBXResourcesBuildPhase;
			buildActionMask = 2147483647;
			files = (
				41AACE00224CD2EC00F46460 /* LaunchScreen.storyboard in Resources */,
				41AACDFD224CD2EC00F46460 /* Assets.xcassets in Resources */,
				41AACDFB224CD2E900F46460 /* Main.storyboard in Resources */,
			);
			runOnlyForDeploymentPostprocessing = 0;
		};
/* End PBXResourcesBuildPhase section */

/* Begin PBXSourcesBuildPhase section */
		41AACDEE224CD2E900F46460 /* Sources */ = {
			isa = PBXSourcesBuildPhase;
			buildActionMask = 2147483647;
			files = (
				41B081C122DFCD0000AF53B5 /* MapViewController.swift in Sources */,
				4178025B22E3867600C3B899 /* Feed.swift in Sources */,
				41AACDF8224CD2E900F46460 /* MasterViewController.swift in Sources */,
				4138BDC722AF83AC00674B28 /* AppSettings.swift in Sources */,
				41B081C322DFE19500AF53B5 /* EventsViewController.swift in Sources */,
				41B081BF22DFC95900AF53B5 /* AboutViewController.swift in Sources */,
				4178025622E1227A00C3B899 /* Events.swift in Sources */,
				41AACDF6224CD2E900F46460 /* AppDelegate.swift in Sources */,
				4178025422E0E7EA00C3B899 /* Utils.swift in Sources */,
			);
			runOnlyForDeploymentPostprocessing = 0;
		};
/* End PBXSourcesBuildPhase section */

/* Begin PBXVariantGroup section */
		41AACDF9224CD2E900F46460 /* Main.storyboard */ = {
			isa = PBXVariantGroup;
			children = (
				41AACDFA224CD2E900F46460 /* Base */,
			);
			name = Main.storyboard;
			sourceTree = "<group>";
		};
		41AACDFE224CD2EC00F46460 /* LaunchScreen.storyboard */ = {
			isa = PBXVariantGroup;
			children = (
				41AACDFF224CD2EC00F46460 /* Base */,
			);
			name = LaunchScreen.storyboard;
			sourceTree = "<group>";
		};
/* End PBXVariantGroup section */

/* Begin XCBuildConfiguration section */
		41AACE02224CD2EC00F46460 /* Debug */ = {
			isa = XCBuildConfiguration;
			buildSettings = {
				ALWAYS_SEARCH_USER_PATHS = NO;
				CLANG_ANALYZER_NONNULL = YES;
				CLANG_ANALYZER_NUMBER_OBJECT_CONVERSION = YES_AGGRESSIVE;
				CLANG_CXX_LANGUAGE_STANDARD = "gnu++14";
				CLANG_CXX_LIBRARY = "libc++";
				CLANG_ENABLE_MODULES = YES;
				CLANG_ENABLE_OBJC_ARC = YES;
				CLANG_ENABLE_OBJC_WEAK = YES;
				CLANG_WARN_BLOCK_CAPTURE_AUTORELEASING = YES;
				CLANG_WARN_BOOL_CONVERSION = YES;
				CLANG_WARN_COMMA = YES;
				CLANG_WARN_CONSTANT_CONVERSION = YES;
				CLANG_WARN_DEPRECATED_OBJC_IMPLEMENTATIONS = YES;
				CLANG_WARN_DIRECT_OBJC_ISA_USAGE = YES_ERROR;
				CLANG_WARN_DOCUMENTATION_COMMENTS = YES;
				CLANG_WARN_EMPTY_BODY = YES;
				CLANG_WARN_ENUM_CONVERSION = YES;
				CLANG_WARN_INFINITE_RECURSION = YES;
				CLANG_WARN_INT_CONVERSION = YES;
				CLANG_WARN_NON_LITERAL_NULL_CONVERSION = YES;
				CLANG_WARN_OBJC_IMPLICIT_RETAIN_SELF = YES;
				CLANG_WARN_OBJC_LITERAL_CONVERSION = YES;
				CLANG_WARN_OBJC_ROOT_CLASS = YES_ERROR;
				CLANG_WARN_RANGE_LOOP_ANALYSIS = YES;
				CLANG_WARN_STRICT_PROTOTYPES = YES;
				CLANG_WARN_SUSPICIOUS_MOVE = YES;
				CLANG_WARN_UNGUARDED_AVAILABILITY = YES_AGGRESSIVE;
				CLANG_WARN_UNREACHABLE_CODE = YES;
				CLANG_WARN__DUPLICATE_METHOD_MATCH = YES;
				CODE_SIGN_IDENTITY = "iPhone Developer";
				COPY_PHASE_STRIP = NO;
				DEBUG_INFORMATION_FORMAT = dwarf;
				ENABLE_STRICT_OBJC_MSGSEND = YES;
				ENABLE_TESTABILITY = YES;
				GCC_C_LANGUAGE_STANDARD = gnu11;
				GCC_DYNAMIC_NO_PIC = NO;
				GCC_NO_COMMON_BLOCKS = YES;
				GCC_OPTIMIZATION_LEVEL = 0;
				GCC_PREPROCESSOR_DEFINITIONS = (
					"DEBUG=1",
					"$(inherited)",
				);
				GCC_WARN_64_TO_32_BIT_CONVERSION = YES;
				GCC_WARN_ABOUT_RETURN_TYPE = YES_ERROR;
				GCC_WARN_UNDECLARED_SELECTOR = YES;
				GCC_WARN_UNINITIALIZED_AUTOS = YES_AGGRESSIVE;
				GCC_WARN_UNUSED_FUNCTION = YES;
				GCC_WARN_UNUSED_VARIABLE = YES;
				IPHONEOS_DEPLOYMENT_TARGET = 12.2;
				MTL_ENABLE_DEBUG_INFO = INCLUDE_SOURCE;
				MTL_FAST_MATH = YES;
				ONLY_ACTIVE_ARCH = YES;
				SDKROOT = iphoneos;
				SWIFT_ACTIVE_COMPILATION_CONDITIONS = DEBUG;
				SWIFT_OPTIMIZATION_LEVEL = "-Onone";
			};
			name = Debug;
		};
		41AACE03224CD2EC00F46460 /* Release */ = {
			isa = XCBuildConfiguration;
			buildSettings = {
				ALWAYS_SEARCH_USER_PATHS = NO;
				CLANG_ANALYZER_NONNULL = YES;
				CLANG_ANALYZER_NUMBER_OBJECT_CONVERSION = YES_AGGRESSIVE;
				CLANG_CXX_LANGUAGE_STANDARD = "gnu++14";
				CLANG_CXX_LIBRARY = "libc++";
				CLANG_ENABLE_MODULES = YES;
				CLANG_ENABLE_OBJC_ARC = YES;
				CLANG_ENABLE_OBJC_WEAK = YES;
				CLANG_WARN_BLOCK_CAPTURE_AUTORELEASING = YES;
				CLANG_WARN_BOOL_CONVERSION = YES;
				CLANG_WARN_COMMA = YES;
				CLANG_WARN_CONSTANT_CONVERSION = YES;
				CLANG_WARN_DEPRECATED_OBJC_IMPLEMENTATIONS = YES;
				CLANG_WARN_DIRECT_OBJC_ISA_USAGE = YES_ERROR;
				CLANG_WARN_DOCUMENTATION_COMMENTS = YES;
				CLANG_WARN_EMPTY_BODY = YES;
				CLANG_WARN_ENUM_CONVERSION = YES;
				CLANG_WARN_INFINITE_RECURSION = YES;
				CLANG_WARN_INT_CONVERSION = YES;
				CLANG_WARN_NON_LITERAL_NULL_CONVERSION = YES;
				CLANG_WARN_OBJC_IMPLICIT_RETAIN_SELF = YES;
				CLANG_WARN_OBJC_LITERAL_CONVERSION = YES;
				CLANG_WARN_OBJC_ROOT_CLASS = YES_ERROR;
				CLANG_WARN_RANGE_LOOP_ANALYSIS = YES;
				CLANG_WARN_STRICT_PROTOTYPES = YES;
				CLANG_WARN_SUSPICIOUS_MOVE = YES;
				CLANG_WARN_UNGUARDED_AVAILABILITY = YES_AGGRESSIVE;
				CLANG_WARN_UNREACHABLE_CODE = YES;
				CLANG_WARN__DUPLICATE_METHOD_MATCH = YES;
				CODE_SIGN_IDENTITY = "iPhone Developer";
				COPY_PHASE_STRIP = NO;
				DEBUG_INFORMATION_FORMAT = "dwarf-with-dsym";
				ENABLE_NS_ASSERTIONS = NO;
				ENABLE_STRICT_OBJC_MSGSEND = YES;
				GCC_C_LANGUAGE_STANDARD = gnu11;
				GCC_NO_COMMON_BLOCKS = YES;
				GCC_WARN_64_TO_32_BIT_CONVERSION = YES;
				GCC_WARN_ABOUT_RETURN_TYPE = YES_ERROR;
				GCC_WARN_UNDECLARED_SELECTOR = YES;
				GCC_WARN_UNINITIALIZED_AUTOS = YES_AGGRESSIVE;
				GCC_WARN_UNUSED_FUNCTION = YES;
				GCC_WARN_UNUSED_VARIABLE = YES;
				IPHONEOS_DEPLOYMENT_TARGET = 12.2;
				MTL_ENABLE_DEBUG_INFO = NO;
				MTL_FAST_MATH = YES;
				SDKROOT = iphoneos;
				SWIFT_COMPILATION_MODE = wholemodule;
				SWIFT_OPTIMIZATION_LEVEL = "-O";
				VALIDATE_PRODUCT = YES;
			};
			name = Release;
		};
		41AACE05224CD2EC00F46460 /* Debug */ = {
			isa = XCBuildConfiguration;
			buildSettings = {
				ASSETCATALOG_COMPILER_APPICON_NAME = AppIcon;
				CODE_SIGN_STYLE = Automatic;
				DEVELOPMENT_TEAM = 5V2A4389PA;
				INFOPLIST_FILE = "Science Week/Info.plist";
				LD_RUNPATH_SEARCH_PATHS = (
					"$(inherited)",
					"@executable_path/Frameworks",
				);
				PRODUCT_BUNDLE_IDENTIFIER = "au.com.secretlab.Science-Week";
				PRODUCT_NAME = "$(TARGET_NAME)";
				SWIFT_VERSION = 5.0;
				TARGETED_DEVICE_FAMILY = "1,2";
			};
			name = Debug;
		};
		41AACE06224CD2EC00F46460 /* Release */ = {
			isa = XCBuildConfiguration;
			buildSettings = {
				ASSETCATALOG_COMPILER_APPICON_NAME = AppIcon;
				CODE_SIGN_STYLE = Automatic;
				DEVELOPMENT_TEAM = 5V2A4389PA;
				INFOPLIST_FILE = "Science Week/Info.plist";
				LD_RUNPATH_SEARCH_PATHS = (
					"$(inherited)",
					"@executable_path/Frameworks",
				);
				PRODUCT_BUNDLE_IDENTIFIER = "au.com.secretlab.Science-Week";
				PRODUCT_NAME = "$(TARGET_NAME)";
				SWIFT_VERSION = 5.0;
				TARGETED_DEVICE_FAMILY = "1,2";
			};
			name = Release;
		};
/* End XCBuildConfiguration section */

/* Begin XCConfigurationList section */
		41AACDED224CD2E900F46460 /* Build configuration list for PBXProject "Science Week" */ = {
			isa = XCConfigurationList;
			buildConfigurations = (
				41AACE02224CD2EC00F46460 /* Debug */,
				41AACE03224CD2EC00F46460 /* Release */,
			);
			defaultConfigurationIsVisible = 0;
			defaultConfigurationName = Release;
		};
		41AACE04224CD2EC00F46460 /* Build configuration list for PBXNativeTarget "Science Week" */ = {
			isa = XCConfigurationList;
			buildConfigurations = (
				41AACE05224CD2EC00F46460 /* Debug */,
				41AACE06224CD2EC00F46460 /* Release */,
			);
			defaultConfigurationIsVisible = 0;
			defaultConfigurationName = Release;
		};
/* End XCConfigurationList section */
	};
	rootObject = 41AACDEA224CD2E900F46460 /* Project object */;
}
